// !$*UTF8*$!
{
	archiveVersion = 1;
	classes = {
	};
	objectVersion = 46;
	objects = {

/* Begin PBXBuildFile section */
		D3E6C6DA1989C0A9004B377E /* AppDelegate.swift in Sources */ = {isa = PBXBuildFile; fileRef = D3E6C6D91989C0A9004B377E /* AppDelegate.swift */; };
		D3E6C6DC1989C0A9004B377E /* ViewController.swift in Sources */ = {isa = PBXBuildFile; fileRef = D3E6C6DB1989C0A9004B377E /* ViewController.swift */; };
		D3E6C6DF1989C0A9004B377E /* Main.storyboard in Resources */ = {isa = PBXBuildFile; fileRef = D3E6C6DD1989C0A9004B377E /* Main.storyboard */; };
		D3E6C6E11989C0A9004B377E /* Images.xcassets in Resources */ = {isa = PBXBuildFile; fileRef = D3E6C6E01989C0A9004B377E /* Images.xcassets */; };
		D3E6C6ED1989C0A9004B377E /* BulbTests.swift in Sources */ = {isa = PBXBuildFile; fileRef = D3E6C6EC1989C0A9004B377E /* BulbTests.swift */; };
/* End PBXBuildFile section */

/* Begin PBXContainerItemProxy section */
		D3E6C6E71989C0A9004B377E /* PBXContainerItemProxy */ = {
			isa = PBXContainerItemProxy;
			containerPortal = D3E6C6CC1989C0A9004B377E /* Project object */;
			proxyType = 1;
			remoteGlobalIDString = D3E6C6D31989C0A9004B377E;
			remoteInfo = Bulb;
		};
/* End PBXContainerItemProxy section */

/* Begin PBXFileReference section */
		D3E6C6D41989C0A9004B377E /* Bulb.app */ = {isa = PBXFileReference; explicitFileType = wrapper.application; includeInIndex = 0; path = Bulb.app; sourceTree = BUILT_PRODUCTS_DIR; };
		D3E6C6D81989C0A9004B377E /* Info.plist */ = {isa = PBXFileReference; lastKnownFileType = text.plist.xml; path = Info.plist; sourceTree = "<group>"; };
		D3E6C6D91989C0A9004B377E /* AppDelegate.swift */ = {isa = PBXFileReference; lastKnownFileType = sourcecode.swift; path = AppDelegate.swift; sourceTree = "<group>"; };
		D3E6C6DB1989C0A9004B377E /* ViewController.swift */ = {isa = PBXFileReference; lastKnownFileType = sourcecode.swift; path = ViewController.swift; sourceTree = "<group>"; };
		D3E6C6DE1989C0A9004B377E /* Base */ = {isa = PBXFileReference; lastKnownFileType = file.storyboard; name = Base; path = Base.lproj/Main.storyboard; sourceTree = "<group>"; };
		D3E6C6E01989C0A9004B377E /* Images.xcassets */ = {isa = PBXFileReference; lastKnownFileType = folder.assetcatalog; path = Images.xcassets; sourceTree = "<group>"; };
		D3E6C6E61989C0A9004B377E /* BulbTests.xctest */ = {isa = PBXFileReference; explicitFileType = wrapper.cfbundle; includeInIndex = 0; path = BulbTests.xctest; sourceTree = BUILT_PRODUCTS_DIR; };
		D3E6C6EB1989C0A9004B377E /* Info.plist */ = {isa = PBXFileReference; lastKnownFileType = text.plist.xml; path = Info.plist; sourceTree = "<group>"; };
		D3E6C6EC1989C0A9004B377E /* BulbTests.swift */ = {isa = PBXFileReference; lastKnownFileType = sourcecode.swift; path = BulbTests.swift; sourceTree = "<group>"; };
/* End PBXFileReference section */

/* Begin PBXFrameworksBuildPhase section */
		D3E6C6D11989C0A9004B377E /* Frameworks */ = {
			isa = PBXFrameworksBuildPhase;
			buildActionMask = 2147483647;
			files = (
			);
			runOnlyForDeploymentPostprocessing = 0;
		};
		D3E6C6E31989C0A9004B377E /* Frameworks */ = {
			isa = PBXFrameworksBuildPhase;
			buildActionMask = 2147483647;
			files = (
			);
			runOnlyForDeploymentPostprocessing = 0;
		};
/* End PBXFrameworksBuildPhase section */

/* Begin PBXGroup section */
		D3E6C6CB1989C0A9004B377E = {
			isa = PBXGroup;
			children = (
				D3E6C6D61989C0A9004B377E /* Bulb */,
				D3E6C6E91989C0A9004B377E /* BulbTests */,
				D3E6C6D51989C0A9004B377E /* Products */,
			);
			sourceTree = "<group>";
		};
		D3E6C6D51989C0A9004B377E /* Products */ = {
			isa = PBXGroup;
			children = (
				D3E6C6D41989C0A9004B377E /* Bulb.app */,
				D3E6C6E61989C0A9004B377E /* BulbTests.xctest */,
			);
			name = Products;
			sourceTree = "<group>";
		};
		D3E6C6D61989C0A9004B377E /* Bulb */ = {
			isa = PBXGroup;
			children = (
				D3E6C6D91989C0A9004B377E /* AppDelegate.swift */,
				D3E6C6DB1989C0A9004B377E /* ViewController.swift */,
				D3E6C6DD1989C0A9004B377E /* Main.storyboard */,
				D3E6C6E01989C0A9004B377E /* Images.xcassets */,
				D3E6C6D71989C0A9004B377E /* Supporting Files */,
			);
			path = Bulb;
			sourceTree = "<group>";
		};
		D3E6C6D71989C0A9004B377E /* Supporting Files */ = {
			isa = PBXGroup;
			children = (
				D3E6C6D81989C0A9004B377E /* Info.plist */,
			);
			name = "Supporting Files";
			sourceTree = "<group>";
		};
		D3E6C6E91989C0A9004B377E /* BulbTests */ = {
			isa = PBXGroup;
			children = (
				D3E6C6EC1989C0A9004B377E /* BulbTests.swift */,
				D3E6C6EA1989C0A9004B377E /* Supporting Files */,
			);
			path = BulbTests;
			sourceTree = "<group>";
		};
		D3E6C6EA1989C0A9004B377E /* Supporting Files */ = {
			isa = PBXGroup;
			children = (
				D3E6C6EB1989C0A9004B377E /* Info.plist */,
			);
			name = "Supporting Files";
			sourceTree = "<group>";
		};
/* End PBXGroup section */

/* Begin PBXNativeTarget section */
		D3E6C6D31989C0A9004B377E /* Bulb */ = {
			isa = PBXNativeTarget;
			buildConfigurationList = D3E6C6F01989C0A9004B377E /* Build configuration list for PBXNativeTarget "Bulb" */;
			buildPhases = (
				D3E6C6D01989C0A9004B377E /* Sources */,
				D3E6C6D11989C0A9004B377E /* Frameworks */,
				D3E6C6D21989C0A9004B377E /* Resources */,
			);
			buildRules = (
			);
			dependencies = (
			);
			name = Bulb;
			productName = Bulb;
			productReference = D3E6C6D41989C0A9004B377E /* Bulb.app */;
			productType = "com.apple.product-type.application";
		};
		D3E6C6E51989C0A9004B377E /* BulbTests */ = {
			isa = PBXNativeTarget;
			buildConfigurationList = D3E6C6F31989C0A9004B377E /* Build configuration list for PBXNativeTarget "BulbTests" */;
			buildPhases = (
				D3E6C6E21989C0A9004B377E /* Sources */,
				D3E6C6E31989C0A9004B377E /* Frameworks */,
				D3E6C6E41989C0A9004B377E /* Resources */,
			);
			buildRules = (
			);
			dependencies = (
				D3E6C6E81989C0A9004B377E /* PBXTargetDependency */,
			);
			name = BulbTests;
			productName = BulbTests;
			productReference = D3E6C6E61989C0A9004B377E /* BulbTests.xctest */;
			productType = "com.apple.product-type.bundle.unit-test";
		};
/* End PBXNativeTarget section */

/* Begin PBXProject section */
		D3E6C6CC1989C0A9004B377E /* Project object */ = {
			isa = PBXProject;
			attributes = {
				LastUpgradeCheck = 0600;
				ORGANIZATIONNAME = "Brian Michel";
				TargetAttributes = {
					D3E6C6D31989C0A9004B377E = {
						CreatedOnToolsVersion = 6.0;
					};
					D3E6C6E51989C0A9004B377E = {
						CreatedOnToolsVersion = 6.0;
						TestTargetID = D3E6C6D31989C0A9004B377E;
					};
				};
			};
			buildConfigurationList = D3E6C6CF1989C0A9004B377E /* Build configuration list for PBXProject "Bulb" */;
			compatibilityVersion = "Xcode 3.2";
			developmentRegion = English;
			hasScannedForEncodings = 0;
			knownRegions = (
				en,
				Base,
			);
			mainGroup = D3E6C6CB1989C0A9004B377E;
			productRefGroup = D3E6C6D51989C0A9004B377E /* Products */;
			projectDirPath = "";
			projectRoot = "";
			targets = (
				D3E6C6D31989C0A9004B377E /* Bulb */,
				D3E6C6E51989C0A9004B377E /* BulbTests */,
			);
		};
/* End PBXProject section */

/* Begin PBXResourcesBuildPhase section */
		D3E6C6D21989C0A9004B377E /* Resources */ = {
			isa = PBXResourcesBuildPhase;
			buildActionMask = 2147483647;
			files = (
				D3E6C6DF1989C0A9004B377E /* Main.storyboard in Resources */,
				D3E6C6E11989C0A9004B377E /* Images.xcassets in Resources */,
			);
			runOnlyForDeploymentPostprocessing = 0;
		};
		D3E6C6E41989C0A9004B377E /* Resources */ = {
			isa = PBXResourcesBuildPhase;
			buildActionMask = 2147483647;
			files = (
			);
			runOnlyForDeploymentPostprocessing = 0;
		};
/* End PBXResourcesBuildPhase section */

/* Begin PBXSourcesBuildPhase section */
		D3E6C6D01989C0A9004B377E /* Sources */ = {
			isa = PBXSourcesBuildPhase;
			buildActionMask = 2147483647;
			files = (
				D3E6C6DC1989C0A9004B377E /* ViewController.swift in Sources */,
				D3E6C6DA1989C0A9004B377E /* AppDelegate.swift in Sources */,
			);
			runOnlyForDeploymentPostprocessing = 0;
		};
		D3E6C6E21989C0A9004B377E /* Sources */ = {
			isa = PBXSourcesBuildPhase;
			buildActionMask = 2147483647;
			files = (
				D3E6C6ED1989C0A9004B377E /* BulbTests.swift in Sources */,
			);
			runOnlyForDeploymentPostprocessing = 0;
		};
/* End PBXSourcesBuildPhase section */

/* Begin PBXTargetDependency section */
		D3E6C6E81989C0A9004B377E /* PBXTargetDependency */ = {
			isa = PBXTargetDependency;
			target = D3E6C6D31989C0A9004B377E /* Bulb */;
			targetProxy = D3E6C6E71989C0A9004B377E /* PBXContainerItemProxy */;
		};
/* End PBXTargetDependency section */

/* Begin PBXVariantGroup section */
		D3E6C6DD1989C0A9004B377E /* Main.storyboard */ = {
			isa = PBXVariantGroup;
			children = (
				D3E6C6DE1989C0A9004B377E /* Base */,
			);
			name = Main.storyboard;
			sourceTree = "<group>";
		};
/* End PBXVariantGroup section */

/* Begin XCBuildConfiguration section */
		D3E6C6EE1989C0A9004B377E /* Debug */ = {
			isa = XCBuildConfiguration;
			buildSettings = {
				ALWAYS_SEARCH_USER_PATHS = NO;
				CLANG_CXX_LANGUAGE_STANDARD = "gnu++0x";
				CLANG_CXX_LIBRARY = "libc++";
				CLANG_ENABLE_MODULES = YES;
				CLANG_ENABLE_OBJC_ARC = YES;
				CLANG_WARN_BOOL_CONVERSION = YES;
				CLANG_WARN_CONSTANT_CONVERSION = YES;
				CLANG_WARN_DIRECT_OBJC_ISA_USAGE = YES_ERROR;
				CLANG_WARN_EMPTY_BODY = YES;
				CLANG_WARN_ENUM_CONVERSION = YES;
				CLANG_WARN_INT_CONVERSION = YES;
				CLANG_WARN_OBJC_ROOT_CLASS = YES_ERROR;
				CLANG_WARN_UNREACHABLE_CODE = YES;
				CLANG_WARN__DUPLICATE_METHOD_MATCH = YES;
				"CODE_SIGN_IDENTITY[sdk=iphoneos*]" = "iPhone Developer";
				COPY_PHASE_STRIP = NO;
				ENABLE_STRICT_OBJC_MSGSEND = YES;
				GCC_C_LANGUAGE_STANDARD = gnu99;
				GCC_DYNAMIC_NO_PIC = NO;
				GCC_OPTIMIZATION_LEVEL = 0;
				GCC_PREPROCESSOR_DEFINITIONS = (
					"DEBUG=1",
					"$(inherited)",
				);
				GCC_SYMBOLS_PRIVATE_EXTERN = NO;
				GCC_WARN_64_TO_32_BIT_CONVERSION = YES;
				GCC_WARN_ABOUT_RETURN_TYPE = YES_ERROR;
				GCC_WARN_UNDECLARED_SELECTOR = YES;
				GCC_WARN_UNINITIALIZED_AUTOS = YES_AGGRESSIVE;
				GCC_WARN_UNUSED_FUNCTION = YES;
				GCC_WARN_UNUSED_VARIABLE = YES;
				IPHONEOS_DEPLOYMENT_TARGET = 8.0;
				MTL_ENABLE_DEBUG_INFO = YES;
				ONLY_ACTIVE_ARCH = YES;
				SDKROOT = iphoneos;
				SWIFT_OPTIMIZATION_LEVEL = "-Onone";
			};
			name = Debug;
		};
		D3E6C6EF1989C0A9004B377E /* Release */ = {
			isa = XCBuildConfiguration;
			buildSettings = {
				ALWAYS_SEARCH_USER_PATHS = NO;
				CLANG_CXX_LANGUAGE_STANDARD = "gnu++0x";
				CLANG_CXX_LIBRARY = "libc++";
				CLANG_ENABLE_MODULES = YES;
				CLANG_ENABLE_OBJC_ARC = YES;
				CLANG_WARN_BOOL_CONVERSION = YES;
				CLANG_WARN_CONSTANT_CONVERSION = YES;
				CLANG_WARN_DIRECT_OBJC_ISA_USAGE = YES_ERROR;
				CLANG_WARN_EMPTY_BODY = YES;
				CLANG_WARN_ENUM_CONVERSION = YES;
				CLANG_WARN_INT_CONVERSION = YES;
				CLANG_WARN_OBJC_ROOT_CLASS = YES_ERROR;
				CLANG_WARN_UNREACHABLE_CODE = YES;
				CLANG_WARN__DUPLICATE_METHOD_MATCH = YES;
				"CODE_SIGN_IDENTITY[sdk=iphoneos*]" = "iPhone Developer";
				COPY_PHASE_STRIP = YES;
				ENABLE_NS_ASSERTIONS = NO;
				ENABLE_STRICT_OBJC_MSGSEND = YES;
				GCC_C_LANGUAGE_STANDARD = gnu99;
				GCC_WARN_64_TO_32_BIT_CONVERSION = YES;
				GCC_WARN_ABOUT_RETURN_TYPE = YES_ERROR;
				GCC_WARN_UNDECLARED_SELECTOR = YES;
				GCC_WARN_UNINITIALIZED_AUTOS = YES_AGGRESSIVE;
				GCC_WARN_UNUSED_FUNCTION = YES;
				GCC_WARN_UNUSED_VARIABLE = YES;
				IPHONEOS_DEPLOYMENT_TARGET = 8.0;
				MTL_ENABLE_DEBUG_INFO = NO;
				SDKROOT = iphoneos;
				VALIDATE_PRODUCT = YES;
			};
			name = Release;
		};
		D3E6C6F11989C0A9004B377E /* Debug */ = {
			isa = XCBuildConfiguration;
			buildSettings = {
				ASSETCATALOG_COMPILER_APPICON_NAME = AppIcon;
				ASSETCATALOG_COMPILER_LAUNCHIMAGE_NAME = LaunchImage;
				INFOPLIST_FILE = Bulb/Info.plist;
				LD_RUNPATH_SEARCH_PATHS = "$(inherited) @executable_path/Frameworks";
				PRODUCT_NAME = "$(TARGET_NAME)";
			};
			name = Debug;
		};
		D3E6C6F21989C0A9004B377E /* Release */ = {
			isa = XCBuildConfiguration;
			buildSettings = {
				ASSETCATALOG_COMPILER_APPICON_NAME = AppIcon;
				ASSETCATALOG_COMPILER_LAUNCHIMAGE_NAME = LaunchImage;
				INFOPLIST_FILE = Bulb/Info.plist;
				LD_RUNPATH_SEARCH_PATHS = "$(inherited) @executable_path/Frameworks";
				PRODUCT_NAME = "$(TARGET_NAME)";
			};
			name = Release;
		};
		D3E6C6F41989C0A9004B377E /* Debug */ = {
			isa = XCBuildConfiguration;
			buildSettings = {
				BUNDLE_LOADER = "$(BUILT_PRODUCTS_DIR)/Bulb.app/Bulb";
				FRAMEWORK_SEARCH_PATHS = (
					"$(SDKROOT)/Developer/Library/Frameworks",
					"$(inherited)",
				);
				GCC_PREPROCESSOR_DEFINITIONS = (
					"DEBUG=1",
					"$(inherited)",
				);
				INFOPLIST_FILE = BulbTests/Info.plist;
				LD_RUNPATH_SEARCH_PATHS = "$(inherited) @executable_path/Frameworks @loader_path/Frameworks";
				PRODUCT_NAME = "$(TARGET_NAME)";
				TEST_HOST = "$(BUNDLE_LOADER)";
			};
			name = Debug;
		};
		D3E6C6F51989C0A9004B377E /* Release */ = {
			isa = XCBuildConfiguration;
			buildSettings = {
				BUNDLE_LOADER = "$(BUILT_PRODUCTS_DIR)/Bulb.app/Bulb";
				FRAMEWORK_SEARCH_PATHS = (
					"$(SDKROOT)/Developer/Library/Frameworks",
					"$(inherited)",
				);
				INFOPLIST_FILE = BulbTests/Info.plist;
				LD_RUNPATH_SEARCH_PATHS = "$(inherited) @executable_path/Frameworks @loader_path/Frameworks";
				PRODUCT_NAME = "$(TARGET_NAME)";
				TEST_HOST = "$(BUNDLE_LOADER)";
			};
			name = Release;
		};
/* End XCBuildConfiguration section */

/* Begin XCConfigurationList section */
		D3E6C6CF1989C0A9004B377E /* Build configuration list for PBXProject "Bulb" */ = {
			isa = XCConfigurationList;
			buildConfigurations = (
				D3E6C6EE1989C0A9004B377E /* Debug */,
				D3E6C6EF1989C0A9004B377E /* Release */,
			);
			defaultConfigurationIsVisible = 0;
			defaultConfigurationName = Release;
		};
		D3E6C6F01989C0A9004B377E /* Build configuration list for PBXNativeTarget "Bulb" */ = {
			isa = XCConfigurationList;
			buildConfigurations = (
				D3E6C6F11989C0A9004B377E /* Debug */,
				D3E6C6F21989C0A9004B377E /* Release */,
			);
			defaultConfigurationIsVisible = 0;
		};
		D3E6C6F31989C0A9004B377E /* Build configuration list for PBXNativeTarget "BulbTests" */ = {
			isa = XCConfigurationList;
			buildConfigurations = (
				D3E6C6F41989C0A9004B377E /* Debug */,
				D3E6C6F51989C0A9004B377E /* Release */,
			);
			defaultConfigurationIsVisible = 0;
		};
/* End XCConfigurationList section */
	};
	rootObject = D3E6C6CC1989C0A9004B377E /* Project object */;
}
